
Microsoft Visual Studio Solution File, Format Version 12.00
# Visual Studio 14
VisualStudioVersion = 14.0.25420.1
MinimumVisualStudioVersion = 10.0.40219.1
Project("{2150E333-8FDC-42A3-9474-1A3956D46DE8}") = "Business", "Business", "{A5D56B78-301E-49B3-B25D-6DD62FE91F3C}"
EndProject
Project("{2150E333-8FDC-42A3-9474-1A3956D46DE8}") = "DataAccess", "DataAccess", "{4A448165-3890-4A20-9C64-BF6C1820EA27}"
EndProject
Project("{FAE04EC0-301F-11D3-BF4B-00C04F79EFBC}") = "AgentPlanner.Web", "AgentPlanner.Web\AgentPlanner.Web.csproj", "{4456ABF2-14C7-4D22-AE0A-7F09C688DE54}"
EndProject
Project("{FAE04EC0-301F-11D3-BF4B-00C04F79EFBC}") = "AgentPlanner.DataAccess", "AgentPlanner.DataAccess\AgentPlanner.DataAccess.csproj", "{944016C7-CF0B-4CA7-9264-E75D3464AB95}"
EndProject
Project("{FAE04EC0-301F-11D3-BF4B-00C04F79EFBC}") = "AgentPlanner.Repositories", "AgentPlanner.Schema\AgentPlanner.Repositories.csproj", "{2EEB18A6-D72B-43D4-AFBD-F67073521D18}"
EndProject
Project("{00D1A9C2-B5F0-4AF3-8072-F6C62B433612}") = "AgentPlanner.Schema", "AgentPlanner.Schema\AgentPlanner.Schema.sqlproj", "{0348BA0E-6741-47B0-B5DC-4C2AB7C01F54}"
EndProject
Project("{2150E333-8FDC-42A3-9474-1A3956D46DE8}") = "Common", "Common", "{FFF18A2B-10C1-437F-B605-709EA449FF8B}"
EndProject
Project("{2150E333-8FDC-42A3-9474-1A3956D46DE8}") = "Entity", "Entity", "{F4E03E3C-F779-4398-9969-3DE16756CD42}"
EndProject
Project("{2150E333-8FDC-42A3-9474-1A3956D46DE8}") = "BindingModel", "BindingModel", "{5A97B205-433B-47A0-90DE-72081A458747}"
EndProject
Project("{2150E333-8FDC-42A3-9474-1A3956D46DE8}") = "ViewModel", "ViewModel", "{7DBF6C9B-4AFC-4DFB-8A5A-0ADB872C1D77}"
EndProject
Project("{FAE04EC0-301F-11D3-BF4B-00C04F79EFBC}") = "AgentPlanner.Entities", "AgentPlanner.Entities\AgentPlanner.Entities.csproj", "{1A466225-6BB9-444A-9536-F719C06CB7F3}"
EndProject
Project("{FAE04EC0-301F-11D3-BF4B-00C04F79EFBC}") = "AgentPlanner.Entities.Mappers", "AgentPlanner.Entities.Mappers\AgentPlanner.Entities.Mappers.csproj", "{7F727070-8026-475B-844C-9FE2F655575A}"
EndProject
Project("{FAE04EC0-301F-11D3-BF4B-00C04F79EFBC}") = "AgentPlanner.ViewModels", "AgentPlanner.ViewModels\AgentPlanner.ViewModels.csproj", "{37AC9DE6-7CC8-41AB-86C9-7A611D04D737}"
EndProject
Project("{FAE04EC0-301F-11D3-BF4B-00C04F79EFBC}") = "AgentPlanner.ViewModels.Mappers", "AgentPlanner.ViewModels.Mappers\AgentPlanner.ViewModels.Mappers.csproj", "{4C1F2E20-25FB-4AF3-8573-E9D5EC951B2B}"
EndProject
Project("{FAE04EC0-301F-11D3-BF4B-00C04F79EFBC}") = "AgentPlanner.BindingModels", "AgentPlanner.BindingModels\AgentPlanner.BindingModels.csproj", "{67CDB966-3421-413F-A95C-0F38AED8054E}"
EndProject
Project("{FAE04EC0-301F-11D3-BF4B-00C04F79EFBC}") = "AgentPlanner.BindingModels.Mappers", "AgentPlanner.BindingModels.Mappers\AgentPlanner.BindingModels.Mappers.csproj", "{30EDDCB0-118F-48A1-BE3D-AFABE21165A1}"
EndProject
Project("{FAE04EC0-301F-11D3-BF4B-00C04F79EFBC}") = "AgentPlanner.Common.HashingHelper", "AgentPlanner.Common\AgentPlanner.Common.HashingHelper.csproj", "{46B066F6-7CAD-436B-85EF-F8644C4D3D83}"
EndProject
Project("{2150E333-8FDC-42A3-9474-1A3956D46DE8}") = "Services", "Services", "{22D3F6D1-6C2E-423E-861D-6C762CAE2C0F}"
EndProject
Project("{FAE04EC0-301F-11D3-BF4B-00C04F79EFBC}") = "AgentPlanner.Services", "AgentPlanner.Services\AgentPlanner.Services.csproj", "{0081A5A6-DD40-4023-AB33-E7635268834E}"
EndProject
Global
	GlobalSection(SolutionConfigurationPlatforms) = preSolution
		Debug|Any CPU = Debug|Any CPU
		Release|Any CPU = Release|Any CPU
		Test|Any CPU = Test|Any CPU
	EndGlobalSection
	GlobalSection(ProjectConfigurationPlatforms) = postSolution
		{4456ABF2-14C7-4D22-AE0A-7F09C688DE54}.Debug|Any CPU.ActiveCfg = Debug|Any CPU
		{4456ABF2-14C7-4D22-AE0A-7F09C688DE54}.Debug|Any CPU.Build.0 = Debug|Any CPU
		{4456ABF2-14C7-4D22-AE0A-7F09C688DE54}.Release|Any CPU.ActiveCfg = Release|Any CPU
		{4456ABF2-14C7-4D22-AE0A-7F09C688DE54}.Release|Any CPU.Build.0 = Release|Any CPU
		{4456ABF2-14C7-4D22-AE0A-7F09C688DE54}.Test|Any CPU.ActiveCfg = Test|Any CPU
		{4456ABF2-14C7-4D22-AE0A-7F09C688DE54}.Test|Any CPU.Build.0 = Test|Any CPU
		{944016C7-CF0B-4CA7-9264-E75D3464AB95}.Debug|Any CPU.ActiveCfg = Debug|Any CPU
		{944016C7-CF0B-4CA7-9264-E75D3464AB95}.Debug|Any CPU.Build.0 = Debug|Any CPU
		{944016C7-CF0B-4CA7-9264-E75D3464AB95}.Release|Any CPU.ActiveCfg = Release|Any CPU
		{944016C7-CF0B-4CA7-9264-E75D3464AB95}.Release|Any CPU.Build.0 = Release|Any CPU
		{944016C7-CF0B-4CA7-9264-E75D3464AB95}.Test|Any CPU.ActiveCfg = Test|Any CPU
		{944016C7-CF0B-4CA7-9264-E75D3464AB95}.Test|Any CPU.Build.0 = Test|Any CPU
		{2EEB18A6-D72B-43D4-AFBD-F67073521D18}.Debug|Any CPU.ActiveCfg = Debug|Any CPU
		{2EEB18A6-D72B-43D4-AFBD-F67073521D18}.Debug|Any CPU.Build.0 = Debug|Any CPU
		{2EEB18A6-D72B-43D4-AFBD-F67073521D18}.Release|Any CPU.ActiveCfg = Release|Any CPU
		{2EEB18A6-D72B-43D4-AFBD-F67073521D18}.Release|Any CPU.Build.0 = Release|Any CPU
		{2EEB18A6-D72B-43D4-AFBD-F67073521D18}.Test|Any CPU.ActiveCfg = Test|Any CPU
		{2EEB18A6-D72B-43D4-AFBD-F67073521D18}.Test|Any CPU.Build.0 = Test|Any CPU
		{0348BA0E-6741-47B0-B5DC-4C2AB7C01F54}.Debug|Any CPU.ActiveCfg = Debug|Any CPU
		{0348BA0E-6741-47B0-B5DC-4C2AB7C01F54}.Debug|Any CPU.Build.0 = Debug|Any CPU
		{0348BA0E-6741-47B0-B5DC-4C2AB7C01F54}.Debug|Any CPU.Deploy.0 = Debug|Any CPU
		{0348BA0E-6741-47B0-B5DC-4C2AB7C01F54}.Release|Any CPU.ActiveCfg = Release|Any CPU
		{0348BA0E-6741-47B0-B5DC-4C2AB7C01F54}.Release|Any CPU.Build.0 = Release|Any CPU
		{0348BA0E-6741-47B0-B5DC-4C2AB7C01F54}.Release|Any CPU.Deploy.0 = Release|Any CPU
		{0348BA0E-6741-47B0-B5DC-4C2AB7C01F54}.Test|Any CPU.ActiveCfg = Test|Any CPU
		{0348BA0E-6741-47B0-B5DC-4C2AB7C01F54}.Test|Any CPU.Build.0 = Test|Any CPU
		{0348BA0E-6741-47B0-B5DC-4C2AB7C01F54}.Test|Any CPU.Deploy.0 = Test|Any CPU
		{1A466225-6BB9-444A-9536-F719C06CB7F3}.Debug|Any CPU.ActiveCfg = Debug|Any CPU
		{1A466225-6BB9-444A-9536-F719C06CB7F3}.Debug|Any CPU.Build.0 = Debug|Any CPU
		{1A466225-6BB9-444A-9536-F719C06CB7F3}.Release|Any CPU.ActiveCfg = Release|Any CPU
		{1A466225-6BB9-444A-9536-F719C06CB7F3}.Release|Any CPU.Build.0 = Release|Any CPU
		{1A466225-6BB9-444A-9536-F719C06CB7F3}.Test|Any CPU.ActiveCfg = Test|Any CPU
		{1A466225-6BB9-444A-9536-F719C06CB7F3}.Test|Any CPU.Build.0 = Test|Any CPU
		{7F727070-8026-475B-844C-9FE2F655575A}.Debug|Any CPU.ActiveCfg = Debug|Any CPU
		{7F727070-8026-475B-844C-9FE2F655575A}.Debug|Any CPU.Build.0 = Debug|Any CPU
		{7F727070-8026-475B-844C-9FE2F655575A}.Release|Any CPU.ActiveCfg = Release|Any CPU
		{7F727070-8026-475B-844C-9FE2F655575A}.Release|Any CPU.Build.0 = Release|Any CPU
		{7F727070-8026-475B-844C-9FE2F655575A}.Test|Any CPU.ActiveCfg = Test|Any CPU
		{7F727070-8026-475B-844C-9FE2F655575A}.Test|Any CPU.Build.0 = Test|Any CPU
		{37AC9DE6-7CC8-41AB-86C9-7A611D04D737}.Debug|Any CPU.ActiveCfg = Debug|Any CPU
		{37AC9DE6-7CC8-41AB-86C9-7A611D04D737}.Debug|Any CPU.Build.0 = Debug|Any CPU
		{37AC9DE6-7CC8-41AB-86C9-7A611D04D737}.Release|Any CPU.ActiveCfg = Release|Any CPU
		{37AC9DE6-7CC8-41AB-86C9-7A611D04D737}.Release|Any CPU.Build.0 = Release|Any CPU
		{37AC9DE6-7CC8-41AB-86C9-7A611D04D737}.Test|Any CPU.ActiveCfg = Test|Any CPU
		{37AC9DE6-7CC8-41AB-86C9-7A611D04D737}.Test|Any CPU.Build.0 = Test|Any CPU
		{4C1F2E20-25FB-4AF3-8573-E9D5EC951B2B}.Debug|Any CPU.ActiveCfg = Debug|Any CPU
		{4C1F2E20-25FB-4AF3-8573-E9D5EC951B2B}.Debug|Any CPU.Build.0 = Debug|Any CPU
		{4C1F2E20-25FB-4AF3-8573-E9D5EC951B2B}.Release|Any CPU.ActiveCfg = Release|Any CPU
		{4C1F2E20-25FB-4AF3-8573-E9D5EC951B2B}.Release|Any CPU.Build.0 = Release|Any CPU
		{4C1F2E20-25FB-4AF3-8573-E9D5EC951B2B}.Test|Any CPU.ActiveCfg = Test|Any CPU
		{4C1F2E20-25FB-4AF3-8573-E9D5EC951B2B}.Test|Any CPU.Build.0 = Test|Any CPU
		{67CDB966-3421-413F-A95C-0F38AED8054E}.Debug|Any CPU.ActiveCfg = Debug|Any CPU
		{67CDB966-3421-413F-A95C-0F38AED8054E}.Debug|Any CPU.Build.0 = Debug|Any CPU
		{67CDB966-3421-413F-A95C-0F38AED8054E}.Release|Any CPU.ActiveCfg = Release|Any CPU
		{67CDB966-3421-413F-A95C-0F38AED8054E}.Release|Any CPU.Build.0 = Release|Any CPU
		{67CDB966-3421-413F-A95C-0F38AED8054E}.Test|Any CPU.ActiveCfg = Test|Any CPU
		{67CDB966-3421-413F-A95C-0F38AED8054E}.Test|Any CPU.Build.0 = Test|Any CPU
		{30EDDCB0-118F-48A1-BE3D-AFABE21165A1}.Debug|Any CPU.ActiveCfg = Debug|Any CPU
		{30EDDCB0-118F-48A1-BE3D-AFABE21165A1}.Debug|Any CPU.Build.0 = Debug|Any CPU
		{30EDDCB0-118F-48A1-BE3D-AFABE21165A1}.Release|Any CPU.ActiveCfg = Release|Any CPU
		{30EDDCB0-118F-48A1-BE3D-AFABE21165A1}.Release|Any CPU.Build.0 = Release|Any CPU
		{30EDDCB0-118F-48A1-BE3D-AFABE21165A1}.Test|Any CPU.ActiveCfg = Test|Any CPU
		{30EDDCB0-118F-48A1-BE3D-AFABE21165A1}.Test|Any CPU.Build.0 = Test|Any CPU
		{46B066F6-7CAD-436B-85EF-F8644C4D3D83}.Debug|Any CPU.ActiveCfg = Debug|Any CPU
		{46B066F6-7CAD-436B-85EF-F8644C4D3D83}.Debug|Any CPU.Build.0 = Debug|Any CPU
		{46B066F6-7CAD-436B-85EF-F8644C4D3D83}.Release|Any CPU.ActiveCfg = Release|Any CPU
		{46B066F6-7CAD-436B-85EF-F8644C4D3D83}.Release|Any CPU.Build.0 = Release|Any CPU
		{46B066F6-7CAD-436B-85EF-F8644C4D3D83}.Test|Any CPU.ActiveCfg = Test|Any CPU
		{46B066F6-7CAD-436B-85EF-F8644C4D3D83}.Test|Any CPU.Build.0 = Test|Any CPU
		{0081A5A6-DD40-4023-AB33-E7635268834E}.Debug|Any CPU.ActiveCfg = Debug|Any CPU
		{0081A5A6-DD40-4023-AB33-E7635268834E}.Debug|Any CPU.Build.0 = Debug|Any CPU
		{0081A5A6-DD40-4023-AB33-E7635268834E}.Release|Any CPU.ActiveCfg = Release|Any CPU
		{0081A5A6-DD40-4023-AB33-E7635268834E}.Release|Any CPU.Build.0 = Release|Any CPU
		{0081A5A6-DD40-4023-AB33-E7635268834E}.Test|Any CPU.ActiveCfg = Test|Any CPU
		{0081A5A6-DD40-4023-AB33-E7635268834E}.Test|Any CPU.Build.0 = Test|Any CPU
	EndGlobalSection
	GlobalSection(SolutionProperties) = preSolution
		HideSolutionNode = FALSE
	EndGlobalSection
	GlobalSection(NestedProjects) = preSolution
		{944016C7-CF0B-4CA7-9264-E75D3464AB95} = {4A448165-3890-4A20-9C64-BF6C1820EA27}
		{2EEB18A6-D72B-43D4-AFBD-F67073521D18} = {4A448165-3890-4A20-9C64-BF6C1820EA27}
		{0348BA0E-6741-47B0-B5DC-4C2AB7C01F54} = {4A448165-3890-4A20-9C64-BF6C1820EA27}
		{FFF18A2B-10C1-437F-B605-709EA449FF8B} = {A5D56B78-301E-49B3-B25D-6DD62FE91F3C}
		{F4E03E3C-F779-4398-9969-3DE16756CD42} = {A5D56B78-301E-49B3-B25D-6DD62FE91F3C}
		{5A97B205-433B-47A0-90DE-72081A458747} = {A5D56B78-301E-49B3-B25D-6DD62FE91F3C}
		{7DBF6C9B-4AFC-4DFB-8A5A-0ADB872C1D77} = {A5D56B78-301E-49B3-B25D-6DD62FE91F3C}
		{1A466225-6BB9-444A-9536-F719C06CB7F3} = {F4E03E3C-F779-4398-9969-3DE16756CD42}
		{7F727070-8026-475B-844C-9FE2F655575A} = {F4E03E3C-F779-4398-9969-3DE16756CD42}
		{37AC9DE6-7CC8-41AB-86C9-7A611D04D737} = {7DBF6C9B-4AFC-4DFB-8A5A-0ADB872C1D77}
		{4C1F2E20-25FB-4AF3-8573-E9D5EC951B2B} = {7DBF6C9B-4AFC-4DFB-8A5A-0ADB872C1D77}
		{67CDB966-3421-413F-A95C-0F38AED8054E} = {5A97B205-433B-47A0-90DE-72081A458747}
		{30EDDCB0-118F-48A1-BE3D-AFABE21165A1} = {5A97B205-433B-47A0-90DE-72081A458747}
		{46B066F6-7CAD-436B-85EF-F8644C4D3D83} = {FFF18A2B-10C1-437F-B605-709EA449FF8B}
		{22D3F6D1-6C2E-423E-861D-6C762CAE2C0F} = {A5D56B78-301E-49B3-B25D-6DD62FE91F3C}
		{0081A5A6-DD40-4023-AB33-E7635268834E} = {22D3F6D1-6C2E-423E-861D-6C762CAE2C0F}
	EndGlobalSection
EndGlobal
